
Microsoft Visual Studio Solution File, Format Version 12.00
# Visual Studio Version 16
VisualStudioVersion = 16.0.30907.101
MinimumVisualStudioVersion = 10.0.40219.1
Project("{FAE04EC0-301F-11D3-BF4B-00C04F79EFBC}") = "WebApi", "WebApi\WebApi.csproj", "{5A06B81A-B7DB-42F7-8C90-0EF14143515C}"
EndProject
Global
	GlobalSection(SolutionConfigurationPlatforms) = preSolution
		Debug|Any CPU = Debug|Any CPU
		Release|Any CPU = Release|Any CPU
	EndGlobalSection
	GlobalSection(ProjectConfigurationPlatforms) = postSolution
		{5A06B81A-B7DB-42F7-8C90-0EF14143515C}.Debug|Any CPU.ActiveCfg = Debug|Any CPU
		{5A06B81A-B7DB-42F7-8C90-0EF14143515C}.Debug|Any CPU.Build.0 = Debug|Any CPU
		{5A06B81A-B7DB-42F7-8C90-0EF14143515C}.Release|Any CPU.ActiveCfg = Release|Any CPU
		{5A06B81A-B7DB-42F7-8C90-0EF14143515C}.Release|Any CPU.Build.0 = Release|Any CPU
	EndGlobalSection
	GlobalSection(SolutionProperties) = preSolution
		HideSolutionNode = FALSE
	EndGlobalSection
	GlobalSection(ExtensibilityGlobals) = postSolution
		SolutionGuid = {D529934E-F611-4992-B1D4-1238F7A8729E}
	EndGlobalSection
EndGlobal
